
Microsoft Visual Studio Solution File, Format Version 12.00
# Visual Studio Version 16
VisualStudioVersion = 16.0.30225.117
MinimumVisualStudioVersion = 10.0.40219.1
Project("{FAE04EC0-301F-11D3-BF4B-00C04F79EFBC}") = "Projekat", "Projekat.csproj", "{71A2D7E3-81EF-40AE-8595-B4F520CB4968}"
EndProject
Project("{FAE04EC0-301F-11D3-BF4B-00C04F79EFBC}") = "Contracts", "..\Contracts\Contracts.csproj", "{98F7D95F-FEB2-4A84-B6EF-551A2C31B5CF}"
EndProject
Project("{FAE04EC0-301F-11D3-BF4B-00C04F79EFBC}") = "Services", "..\Services\Services.csproj", "{C774AFEB-53E8-43C5-AC68-FFFC2C6AD3B7}"
EndProject
Project("{FAE04EC0-301F-11D3-BF4B-00C04F79EFBC}") = "DataAccess", "..\DataAccess\DataAccess.csproj", "{F94711DC-5E8C-49B7-8203-6AC761E89E7E}"
EndProject
Project("{FAE04EC0-301F-11D3-BF4B-00C04F79EFBC}") = "Repositories", "..\Repositories\Repositories.csproj", "{4CD1CEC1-F247-4244-90C1-BE23002AD989}"
EndProject
Global
	GlobalSection(SolutionConfigurationPlatforms) = preSolution
		Debug|Any CPU = Debug|Any CPU
		Release|Any CPU = Release|Any CPU
	EndGlobalSection
	GlobalSection(ProjectConfigurationPlatforms) = postSolution
		{71A2D7E3-81EF-40AE-8595-B4F520CB4968}.Debug|Any CPU.ActiveCfg = Debug|Any CPU
		{71A2D7E3-81EF-40AE-8595-B4F520CB4968}.Debug|Any CPU.Build.0 = Debug|Any CPU
		{71A2D7E3-81EF-40AE-8595-B4F520CB4968}.Release|Any CPU.ActiveCfg = Release|Any CPU
		{71A2D7E3-81EF-40AE-8595-B4F520CB4968}.Release|Any CPU.Build.0 = Release|Any CPU
		{98F7D95F-FEB2-4A84-B6EF-551A2C31B5CF}.Debug|Any CPU.ActiveCfg = Debug|Any CPU
		{98F7D95F-FEB2-4A84-B6EF-551A2C31B5CF}.Debug|Any CPU.Build.0 = Debug|Any CPU
		{98F7D95F-FEB2-4A84-B6EF-551A2C31B5CF}.Release|Any CPU.ActiveCfg = Release|Any CPU
		{98F7D95F-FEB2-4A84-B6EF-551A2C31B5CF}.Release|Any CPU.Build.0 = Release|Any CPU
		{C774AFEB-53E8-43C5-AC68-FFFC2C6AD3B7}.Debug|Any CPU.ActiveCfg = Debug|Any CPU
		{C774AFEB-53E8-43C5-AC68-FFFC2C6AD3B7}.Debug|Any CPU.Build.0 = Debug|Any CPU
		{C774AFEB-53E8-43C5-AC68-FFFC2C6AD3B7}.Release|Any CPU.ActiveCfg = Release|Any CPU
		{C774AFEB-53E8-43C5-AC68-FFFC2C6AD3B7}.Release|Any CPU.Build.0 = Release|Any CPU
		{F94711DC-5E8C-49B7-8203-6AC761E89E7E}.Debug|Any CPU.ActiveCfg = Debug|Any CPU
		{F94711DC-5E8C-49B7-8203-6AC761E89E7E}.Debug|Any CPU.Build.0 = Debug|Any CPU
		{F94711DC-5E8C-49B7-8203-6AC761E89E7E}.Release|Any CPU.ActiveCfg = Release|Any CPU
		{F94711DC-5E8C-49B7-8203-6AC761E89E7E}.Release|Any CPU.Build.0 = Release|Any CPU
		{4CD1CEC1-F247-4244-90C1-BE23002AD989}.Debug|Any CPU.ActiveCfg = Debug|Any CPU
		{4CD1CEC1-F247-4244-90C1-BE23002AD989}.Debug|Any CPU.Build.0 = Debug|Any CPU
		{4CD1CEC1-F247-4244-90C1-BE23002AD989}.Release|Any CPU.ActiveCfg = Release|Any CPU
		{4CD1CEC1-F247-4244-90C1-BE23002AD989}.Release|Any CPU.Build.0 = Release|Any CPU
	EndGlobalSection
	GlobalSection(SolutionProperties) = preSolution
		HideSolutionNode = FALSE
	EndGlobalSection
	GlobalSection(ExtensibilityGlobals) = postSolution
		SolutionGuid = {A8D3BDF5-6405-4C46-925A-D6C0E75197D3}
	EndGlobalSection
EndGlobal
